// !$*UTF8*$!
{
	archiveVersion = 1;
	classes = {
	};
	objectVersion = 77;
	objects = {

/* Begin PBXBuildFile section */
		0057AB09E8D3299974976223 /* MCCompatibility in Frameworks */ = {isa = PBXBuildFile; productRef = 581B57738A515A8AE83C748C /* MCCompatibility */; };
		02F606D42BBCAC3F049464C9 /* SettingsForm.swift in Sources */ = {isa = PBXBuildFile; fileRef = A9DEB689FF036180155B1F0D /* SettingsForm.swift */; };
		104985B0301772CF93922BB3 /* apple-container-1.1.0.json in Resources */ = {isa = PBXBuildFile; fileRef = CA68C68CF6247C75575B502A /* apple-container-1.1.0.json */; };
		12D87378C6D55758D541268B /* PhysicalRuntimeUITests.swift in Sources */ = {isa = PBXBuildFile; fileRef = 395F8BBD8F48A6C62571ABF5 /* PhysicalRuntimeUITests.swift */; };
		15EBE6AB00A1D4FFE22EA985 /* ErrorPresentation.swift in Sources */ = {isa = PBXBuildFile; fileRef = EC07E5974F1F669EDA3835D2 /* ErrorPresentation.swift */; };
		16BDF5C61509AE3F46D0D860 /* InstallRuntimeView.swift in Sources */ = {isa = PBXBuildFile; fileRef = 85D87B33FD2397B1E945B14C /* InstallRuntimeView.swift */; };
		172AA82CE35C27F07892A5E1 /* VisualAdaptationTests.swift in Sources */ = {isa = PBXBuildFile; fileRef = ABAFFEE5CFB076D6D10FE65D /* VisualAdaptationTests.swift */; };
		1A2126C0D7CDFEB098DF07A4 /* TemplateLibraryView.swift in Sources */ = {isa = PBXBuildFile; fileRef = 36F36C00CF00090A1F131BD6 /* TemplateLibraryView.swift */; };
		1A6847923EA79941E654F771 /* UpdateAgentTests.swift in Sources */ = {isa = PBXBuildFile; fileRef = 3D2C3DA82BDEA8DAB3D54F5B /* UpdateAgentTests.swift */; };
		1A6A48F3CFF0FABA36116D6A /* TemplateReviewView.swift in Sources */ = {isa = PBXBuildFile; fileRef = 49934915CB5CC4AD87FC140D /* TemplateReviewView.swift */; };
		1B498E3905F0C3C560DA2EBE /* InfoPlist.xcstrings in Resources */ = {isa = PBXBuildFile; fileRef = 0E5EF59FE148D2BBC8A1570B /* InfoPlist.xcstrings */; };
		1EA36A959F2D34BA569CF8C9 /* UpdateAgentService.swift in Sources */ = {isa = PBXBuildFile; fileRef = 3302C7AE1B3FE9167F1AC865 /* UpdateAgentService.swift */; };
		210EA05C809DE441AEF01F30 /* apple-container-1.1.0.expectations.json in Resources */ = {isa = PBXBuildFile; fileRef = 8DA28445ED525EF07C92C9E8 /* apple-container-1.1.0.expectations.json */; };
		23DE208ABC6C47FDA8C55C40 /* TerminalSessionView.swift in Sources */ = {isa = PBXBuildFile; fileRef = 5BBD17210CA4287A21303693 /* TerminalSessionView.swift */; };
		272859EAC6F5E8A0EDC7446D /* ContractAuditView.swift in Sources */ = {isa = PBXBuildFile; fileRef = 4C68E836B143EF97ACF371E8 /* ContractAuditView.swift */; };
		2AC901F293BB67BE5834368A /* ResourceFixtures.swift in Sources */ = {isa = PBXBuildFile; fileRef = 5DDDB8BF20B5C9D5762F8156 /* ResourceFixtures.swift */; };
		38E362E0A1D934CC90FA2C71 /* ParameterFormTests.swift in Sources */ = {isa = PBXBuildFile; fileRef = 27C99C97F26494654C9A668A /* ParameterFormTests.swift */; };
		3947A292F138A4056AE2D63F /* TerminalScene.swift in Sources */ = {isa = PBXBuildFile; fileRef = D66EEA68702755924F4CA59A /* TerminalScene.swift */; };
		3B2AFA188A3FF6B407F9EBF0 /* SparkleAppUpdater.swift in Sources */ = {isa = PBXBuildFile; fileRef = 15E0C82905CD949F57FE4172 /* SparkleAppUpdater.swift */; };
		3B388AE0E2A8D4886CAD97EA /* container.matrixreligio.com.helper.plist in Resources */ = {isa = PBXBuildFile; fileRef = DA25E9952093076DC5EEDA7B /* container.matrixreligio.com.helper.plist */; };
		3FE3297CE74837A67CA1612F /* CompatibilitySettingsView.swift in Sources */ = {isa = PBXBuildFile; fileRef = D4054895B7EDB132AE6804F3 /* CompatibilitySettingsView.swift */; };
		4745EDA1B319D2781FDFF20B /* MarketingFixturesView.swift in Sources */ = {isa = PBXBuildFile; fileRef = B7F00233D3F5EAF189281A1F /* MarketingFixturesView.swift */; };
		4AE8495450860A39907C10CA /* AdvancedSettingsView.swift in Sources */ = {isa = PBXBuildFile; fileRef = E2BDD4595775117ECB817001 /* AdvancedSettingsView.swift */; };
		4CAB808E0CC4CB3CC544E3D9 /* ParameterField.swift in Sources */ = {isa = PBXBuildFile; fileRef = DF0B8C05763FAB95F5F31670 /* ParameterField.swift */; };
		4F429AC254FA1F9167C30E80 /* MCModel in Frameworks */ = {isa = PBXBuildFile; productRef = 5444F6D9CA1B5F09D6B55BA8 /* MCModel */; };
		4F83A4A44A6AFDDDE9637E6B /* MCModel in Frameworks */ = {isa = PBXBuildFile; productRef = B0DB5C691040CB56B1D0CE5E /* MCModel */; };
		5850CC4DFF6BEFE516787415 /* MCAppCore in Frameworks */ = {isa = PBXBuildFile; productRef = 7C7F82EC3D85290CC284806E /* MCAppCore */; };
		588EE85E13553B3E1424138E /* DestructiveConfirmation.swift in Sources */ = {isa = PBXBuildFile; fileRef = BF56A2C0A0383057404249E3 /* DestructiveConfirmation.swift */; };
		59DB36E7615C0860E5B75150 /* RuntimeLifecycleUITests.swift in Sources */ = {isa = PBXBuildFile; fileRef = E684985A44DDFC4A1798A323 /* RuntimeLifecycleUITests.swift */; };
		5ADA9E2E1F724C70AE4EFBF9 /* SwiftTermRepresentable.swift in Sources */ = {isa = PBXBuildFile; fileRef = 989F811DF50B5619478CDABA /* SwiftTermRepresentable.swift */; };
		5C81F94CB50426DE79491882 /* OnboardingView.swift in Sources */ = {isa = PBXBuildFile; fileRef = 67FC1D817F9600804A60B628 /* OnboardingView.swift */; };
		6489AD6E630A234F213B97C2 /* ReadableForeground.swift in Sources */ = {isa = PBXBuildFile; fileRef = BBFEBE8C4402ED22787A9A5B /* ReadableForeground.swift */; };
		64B071CB9CDD56F3B7739569 /* HelperListenerDelegate.swift in Sources */ = {isa = PBXBuildFile; fileRef = C442A8E140A00282D3116F8C /* HelperListenerDelegate.swift */; };
		65E5B5B6A39E82E2441A6C99 /* AboutSettingsView.swift in Sources */ = {isa = PBXBuildFile; fileRef = B646E9D495927C93F5326780 /* AboutSettingsView.swift */; };
		66263B05A694780B00548020 /* LocalizationUITests.swift in Sources */ = {isa = PBXBuildFile; fileRef = 1FCEC1D1CB0E97CCA00A38E8 /* LocalizationUITests.swift */; };
		6844CE4B851CC5FEE8D4D03A /* Assets.xcassets in Resources */ = {isa = PBXBuildFile; fileRef = 7DA332DC441801CF87A6FACE /* Assets.xcassets */; };
		6DE9477615EBC075DD67E492 /* container.matrixreligio.com.update-agent.plist in Resources */ = {isa = PBXBuildFile; fileRef = DB7C909A3A92A98CBBE47950 /* container.matrixreligio.com.update-agent.plist */; };
		759B56A8F7C9600E50F0B17F /* DefaultsSettingsView.swift in Sources */ = {isa = PBXBuildFile; fileRef = 53D8117B1717D27892F6723E /* DefaultsSettingsView.swift */; };
		75BD4C02DBC689E6D3A6A7A5 /* physical-test-plan-v1.json in Resources */ = {isa = PBXBuildFile; fileRef = 707D4693A81E388EAC7CE8BE /* physical-test-plan-v1.json */; };
		76F884CF5A34580BB7CC7833 /* MCSystemLifecycle in Frameworks */ = {isa = PBXBuildFile; productRef = D771D3FE02EFAC1CCF8B877D /* MCSystemLifecycle */; };
		79939C186296FE80B5A525A8 /* KeyboardNavigationTests.swift in Sources */ = {isa = PBXBuildFile; fileRef = 18FE87718111DABB047AC214 /* KeyboardNavigationTests.swift */; };
		7BAE4A4EF56BA70C67E7F9F4 /* MCSystemLifecycle in Frameworks */ = {isa = PBXBuildFile; productRef = 6FE93D71D0A25B8BED99A730 /* MCSystemLifecycle */; };
		7BCD6343A1549342AF3831D5 /* LaunchTests.swift in Sources */ = {isa = PBXBuildFile; fileRef = F24EBA122ECE8AB916058B31 /* LaunchTests.swift */; };
		7EC377A17D15D7E09CFD778B /* ParameterHelpButton.swift in Sources */ = {isa = PBXBuildFile; fileRef = D1D8D5C1D5B8796021370E98 /* ParameterHelpButton.swift */; };
		8056F8C21C3DCC993468E460 /* GeneralSettingsView.swift in Sources */ = {isa = PBXBuildFile; fileRef = 6E35CEE43EA9DF8EFDFCD7BF /* GeneralSettingsView.swift */; };
		80CF917B7EEDD05A06FBBCD9 /* Localizable.xcstrings in Resources */ = {isa = PBXBuildFile; fileRef = EB25DFFFC3195DFE7AB83D27 /* Localizable.xcstrings */; };
		86AE94A5D4D23C942D2D1B11 /* MCModel in Frameworks */ = {isa = PBXBuildFile; productRef = 0678B905C5AB9E778D9CE029 /* MCModel */; };
		905EDEFA798784048E370AA0 /* MCSystemLifecycle in Frameworks */ = {isa = PBXBuildFile; productRef = 358E073B8E4125B47C6901AA /* MCSystemLifecycle */; };
		916FE33CC6BB75F6A6F22E63 /* RuntimeUpdateSettingsView.swift in Sources */ = {isa = PBXBuildFile; fileRef = 2D97D4CDFBE2D7D6CED36D22 /* RuntimeUpdateSettingsView.swift */; };
		92AABF16463A554CE7ACB703 /* README.md in Resources */ = {isa = PBXBuildFile; fileRef = 0928071A42A3A7F39CE4FF99 /* README.md */; };
		9A2898F892668B593B00EC14 /* NavigationTests.swift in Sources */ = {isa = PBXBuildFile; fileRef = F6654AE4B232879980599B02 /* NavigationTests.swift */; };
		9B0D099E9DDDF8D27A309D48 /* Sparkle in Frameworks */ = {isa = PBXBuildFile; productRef = DA76A04587AF0A8A56F57852 /* Sparkle */; };
		9BB256214EB7168AB2CEB974 /* SparkleUpdateUITests.swift in Sources */ = {isa = PBXBuildFile; fileRef = 0128286F3B5EFE5B66781FB7 /* SparkleUpdateUITests.swift */; };
		A175E87DA3C991E2D1CCC779 /* main.swift in Sources */ = {isa = PBXBuildFile; fileRef = 80A212A5864E6C47FBF499A7 /* main.swift */; };
		A1C25EC4040B966615E7B508 /* main.swift in Sources */ = {isa = PBXBuildFile; fileRef = E7F80C6757CC6CE92F38585F /* main.swift */; };
		A462F6D719D4CADB86EB0100 /* MCContracts in Frameworks */ = {isa = PBXBuildFile; productRef = AEE8D17F1726ADB6C7662123 /* MCContracts */; };
		A4AFD249D4292E97D0186720 /* EmptyStateView.swift in Sources */ = {isa = PBXBuildFile; fileRef = 5C146AF9E27FF6DBF5B66ACE /* EmptyStateView.swift */; };
		A8DB1D54EDF3E87A025FA56A /* MCModel in Frameworks */ = {isa = PBXBuildFile; productRef = 6671217DADE10F50D2890E64 /* MCModel */; };
		ABBB5D02CD50B469117B7CAF /* MarketingScreenshotTests.swift in Sources */ = {isa = PBXBuildFile; fileRef = 2D64094926FF791C89407FF1 /* MarketingScreenshotTests.swift */; };
		AC00F0017BAE1CFB531E3CAF /* OperationReview.swift in Sources */ = {isa = PBXBuildFile; fileRef = B6A5B71A36B743C745E4374A /* OperationReview.swift */; };
		ACB36AC1DA60D186C6645499 /* MacContainerCommands.swift in Sources */ = {isa = PBXBuildFile; fileRef = 70596157484C79F6C3999C56 /* MacContainerCommands.swift */; };
		AFA9DD390821D00030A5F7C4 /* PrivilegedHelperIntegrationTests.swift in Sources */ = {isa = PBXBuildFile; fileRef = C0EF5A0E8AC4B0ED5E2D8357 /* PrivilegedHelperIntegrationTests.swift */; };
		B0B470B75C1635D58D844418 /* MCCompatibility in Frameworks */ = {isa = PBXBuildFile; productRef = D053FED8FCF72BEAAF76792B /* MCCompatibility */; };
		B24DEBFDF0ECF0ECB639F70E /* OperationForm.swift in Sources */ = {isa = PBXBuildFile; fileRef = C64264378A9BCE7EE8FD44CA /* OperationForm.swift */; };
		B3016ACE5251BE685A5BE7F5 /* MCAppCore in Frameworks */ = {isa = PBXBuildFile; productRef = F818854C8319BB06AB72AB6D /* MCAppCore */; };
		B643A75B3778B91492259FD8 /* UpdateSchedule.swift in Sources */ = {isa = PBXBuildFile; fileRef = 89A6EFCA5375767867916DC4 /* UpdateSchedule.swift */; };
		B6509B343316512CB1F520BF /* UninstallRuntimeView.swift in Sources */ = {isa = PBXBuildFile; fileRef = 1894D2B69E749177266C6FA1 /* UninstallRuntimeView.swift */; };
		B9D583A434B7734E5ED672D1 /* PlainProcessOutputView.swift in Sources */ = {isa = PBXBuildFile; fileRef = 079028DC65ABD81F07404895 /* PlainProcessOutputView.swift */; };
		BAFB78940C2DE56A767E319B /* BuildSmokeTests.swift in Sources */ = {isa = PBXBuildFile; fileRef = 0709F38F0C8DDC711FBF84BB /* BuildSmokeTests.swift */; };
		BD426AB7EAAF27A7AFDD22EF /* TerminalAdapterTests.swift in Sources */ = {isa = PBXBuildFile; fileRef = EB3287ADF96F7044C3B4F734 /* TerminalAdapterTests.swift */; };
		CA22B35F5691DEE499C328D1 /* AutomaticUpdateUITests.swift in Sources */ = {isa = PBXBuildFile; fileRef = C21B36213EFD6FE5E4C107FE /* AutomaticUpdateUITests.swift */; };
		CC0B36AF4E3C9E81F7A3EF03 /* RuntimeSettingsView.swift in Sources */ = {isa = PBXBuildFile; fileRef = 8AAFCBB0DE089548AE1DA5C0 /* RuntimeSettingsView.swift */; };
		CC23E8931F5649FB18158CA1 /* ResourceTable.swift in Sources */ = {isa = PBXBuildFile; fileRef = C0D45226ECE63106BA047C02 /* ResourceTable.swift */; };
		CD70B5E40860DD16DA29E6BA /* MCContainerBridge in Frameworks */ = {isa = PBXBuildFile; productRef = 3C7815C0E6327FE0D828ED0A /* MCContainerBridge */; };
		D08FE0F8969F9A9CB38CA56E /* TerminalUITests.swift in Sources */ = {isa = PBXBuildFile; fileRef = 6B6B0EFF46776DE6BC9E7170 /* TerminalUITests.swift */; };
		D0A826E790E24F7AE8CBF985 /* MacContainerApp.swift in Sources */ = {isa = PBXBuildFile; fileRef = 86F8017A7AF4E5AEFCA21634 /* MacContainerApp.swift */; };
		D1E1ACB1F44F0E0048BDF903 /* AccessibilityAuditTests.swift in Sources */ = {isa = PBXBuildFile; fileRef = 7D60BBCCD33E6D7FED0C7108 /* AccessibilityAuditTests.swift */; };
		D42EE2CA0195E9337814AAE6 /* MCTemplates in Frameworks */ = {isa = PBXBuildFile; productRef = BE3935EAEBB5A7856DDD6144 /* MCTemplates */; };
		DBD0CD199EF64C42C8EC034F /* Sidebar.swift in Sources */ = {isa = PBXBuildFile; fileRef = D9CFB7A1039C9AACE7840168 /* Sidebar.swift */; };
		DE2972FEC2D4D8DFF1675BCF /* UpdateAgentLocalization.swift in Sources */ = {isa = PBXBuildFile; fileRef = B0F5B7E5F7E83E3C6E7B2518 /* UpdateAgentLocalization.swift */; };
		DEB9BB8E65C3F19CDE75B1FA /* SwiftTerm in Frameworks */ = {isa = PBXBuildFile; productRef = E227222F84337B51B4100A39 /* SwiftTerm */; };
		DEF594539DCB6BA5EB4CA6D0 /* OverviewView.swift in Sources */ = {isa = PBXBuildFile; fileRef = D7FA877C73AADE5ECDD36828 /* OverviewView.swift */; };
		E296281EE028B6DAF297D164 /* SettingsScene.swift in Sources */ = {isa = PBXBuildFile; fileRef = 1F63D3B6EE5E462D3F67C16B /* SettingsScene.swift */; };
		E32CA06B338CAC8688D3BCCB /* RootScene.swift in Sources */ = {isa = PBXBuildFile; fileRef = CB97DC4D57BB6DA454BEA96C /* RootScene.swift */; };
		E39E1EF8C8C0D5FF02542601 /* SimpleModeTests.swift in Sources */ = {isa = PBXBuildFile; fileRef = EB958F31F228801D99CC59BA /* SimpleModeTests.swift */; };
		EB5267F9D19CA944A88D09F6 /* SimpleModeView.swift in Sources */ = {isa = PBXBuildFile; fileRef = 95760246C864BBE29AAE2E49 /* SimpleModeView.swift */; };
		EB62C06B0E201D6E68255AD3 /* UpdateAgentLocalization.swift in Sources */ = {isa = PBXBuildFile; fileRef = B0F5B7E5F7E83E3C6E7B2518 /* UpdateAgentLocalization.swift */; };
		ED76AB46353B726A553A8285 /* AccessibilityAuditFixturesView.swift in Sources */ = {isa = PBXBuildFile; fileRef = DD579EB1BEC81D20D6AABE0E /* AccessibilityAuditFixturesView.swift */; };
		EDB30489E0600D07B1E53381 /* MCSystemLifecycle in Frameworks */ = {isa = PBXBuildFile; productRef = C98042CD90EC12CE96C0F5A9 /* MCSystemLifecycle */; };
		F43B2D5B87718D0AE6937DE0 /* MCCompatibility in Frameworks */ = {isa = PBXBuildFile; productRef = 9058F4D6041ABB44A392A0CE /* MCCompatibility */; };
		FBC204432E6CCD262D1B623E /* ResourceManagementTests.swift in Sources */ = {isa = PBXBuildFile; fileRef = A2548BDB4028A5C02E2BAAD4 /* ResourceManagementTests.swift */; };
/* End PBXBuildFile section */

/* Begin PBXContainerItemProxy section */
		72B83F6792655E0C84459201 /* PBXContainerItemProxy */ = {
			isa = PBXContainerItemProxy;
			containerPortal = 5817788CF074C906EBE5B44B /* Project object */;
			proxyType = 1;
			remoteGlobalIDString = 0D84BBF26F55F88FD2BDCEC2;
			remoteInfo = MacContainer;
		};
		8ADD9A390727F294EC5700FB /* PBXContainerItemProxy */ = {
			isa = PBXContainerItemProxy;
			containerPortal = 5817788CF074C906EBE5B44B /* Project object */;
			proxyType = 1;
			remoteGlobalIDString = 13BA042D4C68FAE33C509C09;
			remoteInfo = MacContainerPrivilegedHelper;
		};
		934F1B614BA2198D147B628E /* PBXContainerItemProxy */ = {
			isa = PBXContainerItemProxy;
			containerPortal = 5817788CF074C906EBE5B44B /* Project object */;
			proxyType = 1;
			remoteGlobalIDString = 3C2FA5B1686873A4890B19D8;
			remoteInfo = MacContainerUpdateAgent;
		};
/* End PBXContainerItemProxy section */

/* Begin PBXFileReference section */
		0128286F3B5EFE5B66781FB7 /* SparkleUpdateUITests.swift */ = {isa = PBXFileReference; lastKnownFileType = sourcecode.swift; path = SparkleUpdateUITests.swift; sourceTree = "<group>"; };
		022BE63DC63BA25A8DF10A3A /* macContainer */ = {isa = PBXFileReference; lastKnownFileType = folder; name = macContainer; path = .; sourceTree = SOURCE_ROOT; };
		0709F38F0C8DDC711FBF84BB /* BuildSmokeTests.swift */ = {isa = PBXFileReference; lastKnownFileType = sourcecode.swift; path = BuildSmokeTests.swift; sourceTree = "<group>"; };
		079028DC65ABD81F07404895 /* PlainProcessOutputView.swift */ = {isa = PBXFileReference; lastKnownFileType = sourcecode.swift; path = PlainProcessOutputView.swift; sourceTree = "<group>"; };
		0928071A42A3A7F39CE4FF99 /* README.md */ = {isa = PBXFileReference; lastKnownFileType = net.daringfireball.markdown; path = README.md; sourceTree = "<group>"; };
		0E5EF59FE148D2BBC8A1570B /* InfoPlist.xcstrings */ = {isa = PBXFileReference; lastKnownFileType = text.json.xcstrings; path = InfoPlist.xcstrings; sourceTree = "<group>"; };
		15E0C82905CD949F57FE4172 /* SparkleAppUpdater.swift */ = {isa = PBXFileReference; lastKnownFileType = sourcecode.swift; path = SparkleAppUpdater.swift; sourceTree = "<group>"; };
		1894D2B69E749177266C6FA1 /* UninstallRuntimeView.swift */ = {isa = PBXFileReference; lastKnownFileType = sourcecode.swift; path = UninstallRuntimeView.swift; sourceTree = "<group>"; };
		18FE87718111DABB047AC214 /* KeyboardNavigationTests.swift */ = {isa = PBXFileReference; lastKnownFileType = sourcecode.swift; path = KeyboardNavigationTests.swift; sourceTree = "<group>"; };
		1F63D3B6EE5E462D3F67C16B /* SettingsScene.swift */ = {isa = PBXFileReference; lastKnownFileType = sourcecode.swift; path = SettingsScene.swift; sourceTree = "<group>"; };
		1FCEC1D1CB0E97CCA00A38E8 /* LocalizationUITests.swift */ = {isa = PBXFileReference; lastKnownFileType = sourcecode.swift; path = LocalizationUITests.swift; sourceTree = "<group>"; };
		21F003E1121A52612D93A836 /* MacContainer.app */ = {isa = PBXFileReference; explicitFileType = wrapper.application; includeInIndex = 0; path = MacContainer.app; sourceTree = BUILT_PRODUCTS_DIR; };
		22BC5E1EE46F5B4E162DFE9E /* Info.plist */ = {isa = PBXFileReference; lastKnownFileType = text.plist; path = Info.plist; sourceTree = "<group>"; };
		27C99C97F26494654C9A668A /* ParameterFormTests.swift */ = {isa = PBXFileReference; lastKnownFileType = sourcecode.swift; path = ParameterFormTests.swift; sourceTree = "<group>"; };
		2D64094926FF791C89407FF1 /* MarketingScreenshotTests.swift */ = {isa = PBXFileReference; lastKnownFileType = sourcecode.swift; path = MarketingScreenshotTests.swift; sourceTree = "<group>"; };
		2D97D4CDFBE2D7D6CED36D22 /* RuntimeUpdateSettingsView.swift */ = {isa = PBXFileReference; lastKnownFileType = sourcecode.swift; path = RuntimeUpdateSettingsView.swift; sourceTree = "<group>"; };
		3302C7AE1B3FE9167F1AC865 /* UpdateAgentService.swift */ = {isa = PBXFileReference; lastKnownFileType = sourcecode.swift; path = UpdateAgentService.swift; sourceTree = "<group>"; };
		36F36C00CF00090A1F131BD6 /* TemplateLibraryView.swift */ = {isa = PBXFileReference; lastKnownFileType = sourcecode.swift; path = TemplateLibraryView.swift; sourceTree = "<group>"; };
		395F8BBD8F48A6C62571ABF5 /* PhysicalRuntimeUITests.swift */ = {isa = PBXFileReference; lastKnownFileType = sourcecode.swift; path = PhysicalRuntimeUITests.swift; sourceTree = "<group>"; };
		3A9C7D7C8D72877A81205DFD /* MacContainerIntegrationTests.xctest */ = {isa = PBXFileReference; explicitFileType = wrapper.cfbundle; includeInIndex = 0; path = MacContainerIntegrationTests.xctest; sourceTree = BUILT_PRODUCTS_DIR; };
		3D2C3DA82BDEA8DAB3D54F5B /* UpdateAgentTests.swift */ = {isa = PBXFileReference; lastKnownFileType = sourcecode.swift; path = UpdateAgentTests.swift; sourceTree = "<group>"; };
		49934915CB5CC4AD87FC140D /* TemplateReviewView.swift */ = {isa = PBXFileReference; lastKnownFileType = sourcecode.swift; path = TemplateReviewView.swift; sourceTree = "<group>"; };
		4C68E836B143EF97ACF371E8 /* ContractAuditView.swift */ = {isa = PBXFileReference; lastKnownFileType = sourcecode.swift; path = ContractAuditView.swift; sourceTree = "<group>"; };
		53D8117B1717D27892F6723E /* DefaultsSettingsView.swift */ = {isa = PBXFileReference; lastKnownFileType = sourcecode.swift; path = DefaultsSettingsView.swift; sourceTree = "<group>"; };
		5BBD17210CA4287A21303693 /* TerminalSessionView.swift */ = {isa = PBXFileReference; lastKnownFileType = sourcecode.swift; path = TerminalSessionView.swift; sourceTree = "<group>"; };
		5C146AF9E27FF6DBF5B66ACE /* EmptyStateView.swift */ = {isa = PBXFileReference; lastKnownFileType = sourcecode.swift; path = EmptyStateView.swift; sourceTree = "<group>"; };
		5DDDB8BF20B5C9D5762F8156 /* ResourceFixtures.swift */ = {isa = PBXFileReference; lastKnownFileType = sourcecode.swift; path = ResourceFixtures.swift; sourceTree = "<group>"; };
		67FC1D817F9600804A60B628 /* OnboardingView.swift */ = {isa = PBXFileReference; lastKnownFileType = sourcecode.swift; path = OnboardingView.swift; sourceTree = "<group>"; };
		6B6B0EFF46776DE6BC9E7170 /* TerminalUITests.swift */ = {isa = PBXFileReference; lastKnownFileType = sourcecode.swift; path = TerminalUITests.swift; sourceTree = "<group>"; };
		6E35CEE43EA9DF8EFDFCD7BF /* GeneralSettingsView.swift */ = {isa = PBXFileReference; lastKnownFileType = sourcecode.swift; path = GeneralSettingsView.swift; sourceTree = "<group>"; };
		70596157484C79F6C3999C56 /* MacContainerCommands.swift */ = {isa = PBXFileReference; lastKnownFileType = sourcecode.swift; path = MacContainerCommands.swift; sourceTree = "<group>"; };
		707D4693A81E388EAC7CE8BE /* physical-test-plan-v1.json */ = {isa = PBXFileReference; lastKnownFileType = text.json; path = "physical-test-plan-v1.json"; sourceTree = "<group>"; };
		70F19761BFC501F3C49C752A /* UpdateAgent.entitlements */ = {isa = PBXFileReference; lastKnownFileType = text.plist.entitlements; path = UpdateAgent.entitlements; sourceTree = "<group>"; };
		7D60BBCCD33E6D7FED0C7108 /* AccessibilityAuditTests.swift */ = {isa = PBXFileReference; lastKnownFileType = sourcecode.swift; path = AccessibilityAuditTests.swift; sourceTree = "<group>"; };
		7DA332DC441801CF87A6FACE /* Assets.xcassets */ = {isa = PBXFileReference; lastKnownFileType = folder.assetcatalog; path = Assets.xcassets; sourceTree = "<group>"; };
		80A212A5864E6C47FBF499A7 /* main.swift */ = {isa = PBXFileReference; lastKnownFileType = sourcecode.swift; path = main.swift; sourceTree = "<group>"; };
		85D87B33FD2397B1E945B14C /* InstallRuntimeView.swift */ = {isa = PBXFileReference; lastKnownFileType = sourcecode.swift; path = InstallRuntimeView.swift; sourceTree = "<group>"; };
		86F8017A7AF4E5AEFCA21634 /* MacContainerApp.swift */ = {isa = PBXFileReference; lastKnownFileType = sourcecode.swift; path = MacContainerApp.swift; sourceTree = "<group>"; };
		89A6EFCA5375767867916DC4 /* UpdateSchedule.swift */ = {isa = PBXFileReference; lastKnownFileType = sourcecode.swift; path = UpdateSchedule.swift; sourceTree = "<group>"; };
		8AAFCBB0DE089548AE1DA5C0 /* RuntimeSettingsView.swift */ = {isa = PBXFileReference; lastKnownFileType = sourcecode.swift; path = RuntimeSettingsView.swift; sourceTree = "<group>"; };
		8B63F1C8A341FA1DD67BADF7 /* MacContainerUITests.xctest */ = {isa = PBXFileReference; explicitFileType = wrapper.cfbundle; includeInIndex = 0; path = MacContainerUITests.xctest; sourceTree = BUILT_PRODUCTS_DIR; };
		8DA28445ED525EF07C92C9E8 /* apple-container-1.1.0.expectations.json */ = {isa = PBXFileReference; lastKnownFileType = text.json; path = "apple-container-1.1.0.expectations.json"; sourceTree = "<group>"; };
		95760246C864BBE29AAE2E49 /* SimpleModeView.swift */ = {isa = PBXFileReference; lastKnownFileType = sourcecode.swift; path = SimpleModeView.swift; sourceTree = "<group>"; };
		989F811DF50B5619478CDABA /* SwiftTermRepresentable.swift */ = {isa = PBXFileReference; lastKnownFileType = sourcecode.swift; path = SwiftTermRepresentable.swift; sourceTree = "<group>"; };
		9BC1A31552E07923EC3F3B11 /* PrivilegedHelper.entitlements */ = {isa = PBXFileReference; lastKnownFileType = text.plist.entitlements; path = PrivilegedHelper.entitlements; sourceTree = "<group>"; };
		A2548BDB4028A5C02E2BAAD4 /* ResourceManagementTests.swift */ = {isa = PBXFileReference; lastKnownFileType = sourcecode.swift; path = ResourceManagementTests.swift; sourceTree = "<group>"; };
		A9DEB689FF036180155B1F0D /* SettingsForm.swift */ = {isa = PBXFileReference; lastKnownFileType = sourcecode.swift; path = SettingsForm.swift; sourceTree = "<group>"; };
		ABAFFEE5CFB076D6D10FE65D /* VisualAdaptationTests.swift */ = {isa = PBXFileReference; lastKnownFileType = sourcecode.swift; path = VisualAdaptationTests.swift; sourceTree = "<group>"; };
		B0F5B7E5F7E83E3C6E7B2518 /* UpdateAgentLocalization.swift */ = {isa = PBXFileReference; lastKnownFileType = sourcecode.swift; path = UpdateAgentLocalization.swift; sourceTree = "<group>"; };
		B646E9D495927C93F5326780 /* AboutSettingsView.swift */ = {isa = PBXFileReference; lastKnownFileType = sourcecode.swift; path = AboutSettingsView.swift; sourceTree = "<group>"; };
		B6A5B71A36B743C745E4374A /* OperationReview.swift */ = {isa = PBXFileReference; lastKnownFileType = sourcecode.swift; path = OperationReview.swift; sourceTree = "<group>"; };
		B7F00233D3F5EAF189281A1F /* MarketingFixturesView.swift */ = {isa = PBXFileReference; lastKnownFileType = sourcecode.swift; path = MarketingFixturesView.swift; sourceTree = "<group>"; };
		BBFEBE8C4402ED22787A9A5B /* ReadableForeground.swift */ = {isa = PBXFileReference; lastKnownFileType = sourcecode.swift; path = ReadableForeground.swift; sourceTree = "<group>"; };
		BF56A2C0A0383057404249E3 /* DestructiveConfirmation.swift */ = {isa = PBXFileReference; lastKnownFileType = sourcecode.swift; path = DestructiveConfirmation.swift; sourceTree = "<group>"; };
		C0D45226ECE63106BA047C02 /* ResourceTable.swift */ = {isa = PBXFileReference; lastKnownFileType = sourcecode.swift; path = ResourceTable.swift; sourceTree = "<group>"; };
		C0EF5A0E8AC4B0ED5E2D8357 /* PrivilegedHelperIntegrationTests.swift */ = {isa = PBXFileReference; lastKnownFileType = sourcecode.swift; path = PrivilegedHelperIntegrationTests.swift; sourceTree = "<group>"; };
		C21B36213EFD6FE5E4C107FE /* AutomaticUpdateUITests.swift */ = {isa = PBXFileReference; lastKnownFileType = sourcecode.swift; path = AutomaticUpdateUITests.swift; sourceTree = "<group>"; };
		C442A8E140A00282D3116F8C /* HelperListenerDelegate.swift */ = {isa = PBXFileReference; lastKnownFileType = sourcecode.swift; path = HelperListenerDelegate.swift; sourceTree = "<group>"; };
		C64264378A9BCE7EE8FD44CA /* OperationForm.swift */ = {isa = PBXFileReference; lastKnownFileType = sourcecode.swift; path = OperationForm.swift; sourceTree = "<group>"; };
		CA68C68CF6247C75575B502A /* apple-container-1.1.0.json */ = {isa = PBXFileReference; lastKnownFileType = text.json; path = "apple-container-1.1.0.json"; sourceTree = "<group>"; };
		CB97DC4D57BB6DA454BEA96C /* RootScene.swift */ = {isa = PBXFileReference; lastKnownFileType = sourcecode.swift; path = RootScene.swift; sourceTree = "<group>"; };
		D1613C212F2D32D3D72EC1F7 /* MacContainerPrivilegedHelper */ = {isa = PBXFileReference; includeInIndex = 0; path = MacContainerPrivilegedHelper; sourceTree = BUILT_PRODUCTS_DIR; };
		D1D8D5C1D5B8796021370E98 /* ParameterHelpButton.swift */ = {isa = PBXFileReference; lastKnownFileType = sourcecode.swift; path = ParameterHelpButton.swift; sourceTree = "<group>"; };
		D20200AB2227F11B73B20757 /* MacContainer.entitlements */ = {isa = PBXFileReference; lastKnownFileType = text.plist.entitlements; path = MacContainer.entitlements; sourceTree = "<group>"; };
		D4054895B7EDB132AE6804F3 /* CompatibilitySettingsView.swift */ = {isa = PBXFileReference; lastKnownFileType = sourcecode.swift; path = CompatibilitySettingsView.swift; sourceTree = "<group>"; };
		D66EEA68702755924F4CA59A /* TerminalScene.swift */ = {isa = PBXFileReference; lastKnownFileType = sourcecode.swift; path = TerminalScene.swift; sourceTree = "<group>"; };
		D7FA877C73AADE5ECDD36828 /* OverviewView.swift */ = {isa = PBXFileReference; lastKnownFileType = sourcecode.swift; path = OverviewView.swift; sourceTree = "<group>"; };
		D9CFB7A1039C9AACE7840168 /* Sidebar.swift */ = {isa = PBXFileReference; lastKnownFileType = sourcecode.swift; path = Sidebar.swift; sourceTree = "<group>"; };
		DA25E9952093076DC5EEDA7B /* container.matrixreligio.com.helper.plist */ = {isa = PBXFileReference; lastKnownFileType = text.plist; path = container.matrixreligio.com.helper.plist; sourceTree = "<group>"; };
		DB7C909A3A92A98CBBE47950 /* container.matrixreligio.com.update-agent.plist */ = {isa = PBXFileReference; lastKnownFileType = text.plist; path = "container.matrixreligio.com.update-agent.plist"; sourceTree = "<group>"; };
		DD579EB1BEC81D20D6AABE0E /* AccessibilityAuditFixturesView.swift */ = {isa = PBXFileReference; lastKnownFileType = sourcecode.swift; path = AccessibilityAuditFixturesView.swift; sourceTree = "<group>"; };
		DF0B8C05763FAB95F5F31670 /* ParameterField.swift */ = {isa = PBXFileReference; lastKnownFileType = sourcecode.swift; path = ParameterField.swift; sourceTree = "<group>"; };
		E2BDD4595775117ECB817001 /* AdvancedSettingsView.swift */ = {isa = PBXFileReference; lastKnownFileType = sourcecode.swift; path = AdvancedSettingsView.swift; sourceTree = "<group>"; };
		E2D2B7C3DE4FCFAC7B4FB0AC /* MacContainerUpdateAgent */ = {isa = PBXFileReference; includeInIndex = 0; path = MacContainerUpdateAgent; sourceTree = BUILT_PRODUCTS_DIR; };
		E684985A44DDFC4A1798A323 /* RuntimeLifecycleUITests.swift */ = {isa = PBXFileReference; lastKnownFileType = sourcecode.swift; path = RuntimeLifecycleUITests.swift; sourceTree = "<group>"; };
		E7F80C6757CC6CE92F38585F /* main.swift */ = {isa = PBXFileReference; lastKnownFileType = sourcecode.swift; path = main.swift; sourceTree = "<group>"; };
		EB25DFFFC3195DFE7AB83D27 /* Localizable.xcstrings */ = {isa = PBXFileReference; lastKnownFileType = text.json.xcstrings; path = Localizable.xcstrings; sourceTree = "<group>"; };
		EB3287ADF96F7044C3B4F734 /* TerminalAdapterTests.swift */ = {isa = PBXFileReference; lastKnownFileType = sourcecode.swift; path = TerminalAdapterTests.swift; sourceTree = "<group>"; };
		EB958F31F228801D99CC59BA /* SimpleModeTests.swift */ = {isa = PBXFileReference; lastKnownFileType = sourcecode.swift; path = SimpleModeTests.swift; sourceTree = "<group>"; };
		EC07E5974F1F669EDA3835D2 /* ErrorPresentation.swift */ = {isa = PBXFileReference; lastKnownFileType = sourcecode.swift; path = ErrorPresentation.swift; sourceTree = "<group>"; };
		F24EBA122ECE8AB916058B31 /* LaunchTests.swift */ = {isa = PBXFileReference; lastKnownFileType = sourcecode.swift; path = LaunchTests.swift; sourceTree = "<group>"; };
		F6654AE4B232879980599B02 /* NavigationTests.swift */ = {isa = PBXFileReference; lastKnownFileType = sourcecode.swift; path = NavigationTests.swift; sourceTree = "<group>"; };
/* End PBXFileReference section */

/* Begin PBXFrameworksBuildPhase section */
		69E14400F0D09F8A298E4D27 /* Frameworks */ = {
			isa = PBXFrameworksBuildPhase;
			buildActionMask = 2147483647;
			files = (
				4F83A4A44A6AFDDDE9637E6B /* MCModel in Frameworks */,
				A462F6D719D4CADB86EB0100 /* MCContracts in Frameworks */,
				CD70B5E40860DD16DA29E6BA /* MCContainerBridge in Frameworks */,
				B0B470B75C1635D58D844418 /* MCCompatibility in Frameworks */,
				7BAE4A4EF56BA70C67E7F9F4 /* MCSystemLifecycle in Frameworks */,
				B3016ACE5251BE685A5BE7F5 /* MCAppCore in Frameworks */,
				D42EE2CA0195E9337814AAE6 /* MCTemplates in Frameworks */,
				9B0D099E9DDDF8D27A309D48 /* Sparkle in Frameworks */,
				DEB9BB8E65C3F19CDE75B1FA /* SwiftTerm in Frameworks */,
			);
			runOnlyForDeploymentPostprocessing = 0;
		};
		7EEB4567DD42F6847A7F8653 /* Frameworks */ = {
			isa = PBXFrameworksBuildPhase;
			buildActionMask = 2147483647;
			files = (
				A8DB1D54EDF3E87A025FA56A /* MCModel in Frameworks */,
				76F884CF5A34580BB7CC7833 /* MCSystemLifecycle in Frameworks */,
				0057AB09E8D3299974976223 /* MCCompatibility in Frameworks */,
			);
			runOnlyForDeploymentPostprocessing = 0;
		};
		90D6A65E03CADC16BA9BFE21 /* Frameworks */ = {
			isa = PBXFrameworksBuildPhase;
			buildActionMask = 2147483647;
			files = (
				86AE94A5D4D23C942D2D1B11 /* MCModel in Frameworks */,
				905EDEFA798784048E370AA0 /* MCSystemLifecycle in Frameworks */,
			);
			runOnlyForDeploymentPostprocessing = 0;
		};
		98AF1F2A366F75DE228987E5 /* Frameworks */ = {
			isa = PBXFrameworksBuildPhase;
			buildActionMask = 2147483647;
			files = (
				EDB30489E0600D07B1E53381 /* MCSystemLifecycle in Frameworks */,
				F43B2D5B87718D0AE6937DE0 /* MCCompatibility in Frameworks */,
				5850CC4DFF6BEFE516787415 /* MCAppCore in Frameworks */,
				4F429AC254FA1F9167C30E80 /* MCModel in Frameworks */,
			);
			runOnlyForDeploymentPostprocessing = 0;
		};
/* End PBXFrameworksBuildPhase section */

/* Begin PBXGroup section */
		0109B665B8B9E0A2723FE0A4 /* compatibility */ = {
			isa = PBXGroup;
			children = (
				0CD23B9125250A89966496EA /* attestations */,
			);
			path = compatibility;
			sourceTree = "<group>";
		};
		01773C439E94E8BF0E58698D /* App */ = {
			isa = PBXGroup;
			children = (
				CD11A5E055678299A80ACC29 /* MacContainer */,
				57E5CF01F79F54645E1C9F2E /* PrivilegedHelper */,
				9AD37A8E809C80950F6B93DA /* UpdateAgent */,
			);
			path = App;
			sourceTree = "<group>";
		};
		04484E2879E165D9E3D4038E /* Resources */ = {
			isa = PBXGroup;
			children = (
				5DDDB8BF20B5C9D5762F8156 /* ResourceFixtures.swift */,
				C0D45226ECE63106BA047C02 /* ResourceTable.swift */,
			);
			path = Resources;
			sourceTree = "<group>";
		};
		0C54F19F14308BBF2EC6769E /* Settings */ = {
			isa = PBXGroup;
			children = (
				B646E9D495927C93F5326780 /* AboutSettingsView.swift */,
				E2BDD4595775117ECB817001 /* AdvancedSettingsView.swift */,
				D4054895B7EDB132AE6804F3 /* CompatibilitySettingsView.swift */,
				53D8117B1717D27892F6723E /* DefaultsSettingsView.swift */,
				6E35CEE43EA9DF8EFDFCD7BF /* GeneralSettingsView.swift */,
				8AAFCBB0DE089548AE1DA5C0 /* RuntimeSettingsView.swift */,
				2D97D4CDFBE2D7D6CED36D22 /* RuntimeUpdateSettingsView.swift */,
				A9DEB689FF036180155B1F0D /* SettingsForm.swift */,
			);
			path = Settings;
			sourceTree = "<group>";
		};
		0CD23B9125250A89966496EA /* attestations */ = {
			isa = PBXGroup;
			children = (
				8DA28445ED525EF07C92C9E8 /* apple-container-1.1.0.expectations.json */,
				CA68C68CF6247C75575B502A /* apple-container-1.1.0.json */,
				0928071A42A3A7F39CE4FF99 /* README.md */,
			);
			path = attestations;
			sourceTree = "<group>";
		};
		2D88EC49E2095DF719A26885 /* Tests */ = {
			isa = PBXGroup;
			children = (
				93277288DCA473DAFE2BE9EF /* MacContainerIntegrationTests */,
				7BCBC4B2FA8D68B506DDDD74 /* MacContainerUITests */,
			);
			path = Tests;
			sourceTree = "<group>";
		};
		4081EFF7AF2E8AD3BF6AB549 /* Overview */ = {
			isa = PBXGroup;
			children = (
				D7FA877C73AADE5ECDD36828 /* OverviewView.swift */,
			);
			path = Overview;
			sourceTree = "<group>";
		};
		50812AD5BE3EF1886E3DCBBC /* Terminal */ = {
			isa = PBXGroup;
			children = (
				079028DC65ABD81F07404895 /* PlainProcessOutputView.swift */,
				989F811DF50B5619478CDABA /* SwiftTermRepresentable.swift */,
				5BBD17210CA4287A21303693 /* TerminalSessionView.swift */,
			);
			path = Terminal;
			sourceTree = "<group>";
		};
		57E5CF01F79F54645E1C9F2E /* PrivilegedHelper */ = {
			isa = PBXGroup;
			children = (
				DA25E9952093076DC5EEDA7B /* container.matrixreligio.com.helper.plist */,
				C442A8E140A00282D3116F8C /* HelperListenerDelegate.swift */,
				E7F80C6757CC6CE92F38585F /* main.swift */,
				9BC1A31552E07923EC3F3B11 /* PrivilegedHelper.entitlements */,
			);
			path = PrivilegedHelper;
			sourceTree = "<group>";
		};
		622CB3319C01A83E9F085008 /* Products */ = {
			isa = PBXGroup;
			children = (
				21F003E1121A52612D93A836 /* MacContainer.app */,
				3A9C7D7C8D72877A81205DFD /* MacContainerIntegrationTests.xctest */,
				D1613C212F2D32D3D72EC1F7 /* MacContainerPrivilegedHelper */,
				8B63F1C8A341FA1DD67BADF7 /* MacContainerUITests.xctest */,
				E2D2B7C3DE4FCFAC7B4FB0AC /* MacContainerUpdateAgent */,
			);
			name = Products;
			sourceTree = "<group>";
		};
		6EF061D3F33832F857460D76 /* Operations */ = {
			isa = PBXGroup;
			children = (
				4C68E836B143EF97ACF371E8 /* ContractAuditView.swift */,
				C64264378A9BCE7EE8FD44CA /* OperationForm.swift */,
				B6A5B71A36B743C745E4374A /* OperationReview.swift */,
				DF0B8C05763FAB95F5F31670 /* ParameterField.swift */,
				D1D8D5C1D5B8796021370E98 /* ParameterHelpButton.swift */,
			);
			path = Operations;
			sourceTree = "<group>";
		};
		7BCBC4B2FA8D68B506DDDD74 /* MacContainerUITests */ = {
			isa = PBXGroup;
			children = (
				7D60BBCCD33E6D7FED0C7108 /* AccessibilityAuditTests.swift */,
				C21B36213EFD6FE5E4C107FE /* AutomaticUpdateUITests.swift */,
				18FE87718111DABB047AC214 /* KeyboardNavigationTests.swift */,
				F24EBA122ECE8AB916058B31 /* LaunchTests.swift */,
				1FCEC1D1CB0E97CCA00A38E8 /* LocalizationUITests.swift */,
				2D64094926FF791C89407FF1 /* MarketingScreenshotTests.swift */,
				F6654AE4B232879980599B02 /* NavigationTests.swift */,
				27C99C97F26494654C9A668A /* ParameterFormTests.swift */,
				395F8BBD8F48A6C62571ABF5 /* PhysicalRuntimeUITests.swift */,
				A2548BDB4028A5C02E2BAAD4 /* ResourceManagementTests.swift */,
				E684985A44DDFC4A1798A323 /* RuntimeLifecycleUITests.swift */,
				EB958F31F228801D99CC59BA /* SimpleModeTests.swift */,
				0128286F3B5EFE5B66781FB7 /* SparkleUpdateUITests.swift */,
				6B6B0EFF46776DE6BC9E7170 /* TerminalUITests.swift */,
				ABAFFEE5CFB076D6D10FE65D /* VisualAdaptationTests.swift */,
			);
			path = MacContainerUITests;
			sourceTree = "<group>";
		};
		8732C4FEA79793B59F2ECDDC /* Commands */ = {
			isa = PBXGroup;
			children = (
				70596157484C79F6C3999C56 /* MacContainerCommands.swift */,
			);
			path = Commands;
			sourceTree = "<group>";
		};
		93277288DCA473DAFE2BE9EF /* MacContainerIntegrationTests */ = {
			isa = PBXGroup;
			children = (
				0709F38F0C8DDC711FBF84BB /* BuildSmokeTests.swift */,
				C0EF5A0E8AC4B0ED5E2D8357 /* PrivilegedHelperIntegrationTests.swift */,
				EB3287ADF96F7044C3B4F734 /* TerminalAdapterTests.swift */,
				3D2C3DA82BDEA8DAB3D54F5B /* UpdateAgentTests.swift */,
			);
			path = MacContainerIntegrationTests;
			sourceTree = "<group>";
		};
		977A8082A1A92317877476C5 /* Views */ = {
			isa = PBXGroup;
			children = (
				E9786E97BB1A305CED807491 /* Lifecycle */,
				C5D0E0B9541A51466958050B /* Navigation */,
				6EF061D3F33832F857460D76 /* Operations */,
				4081EFF7AF2E8AD3BF6AB549 /* Overview */,
				04484E2879E165D9E3D4038E /* Resources */,
				0C54F19F14308BBF2EC6769E /* Settings */,
				C3947CC5B4D1647D3C15CD52 /* Shared */,
				F6BA407032841B54F320A089 /* Templates */,
				50812AD5BE3EF1886E3DCBBC /* Terminal */,
			);
			path = Views;
			sourceTree = "<group>";
		};
		9AD37A8E809C80950F6B93DA /* UpdateAgent */ = {
			isa = PBXGroup;
			children = (
				DB7C909A3A92A98CBBE47950 /* container.matrixreligio.com.update-agent.plist */,
				80A212A5864E6C47FBF499A7 /* main.swift */,
				70F19761BFC501F3C49C752A /* UpdateAgent.entitlements */,
				B0F5B7E5F7E83E3C6E7B2518 /* UpdateAgentLocalization.swift */,
				3302C7AE1B3FE9167F1AC865 /* UpdateAgentService.swift */,
				89A6EFCA5375767867916DC4 /* UpdateSchedule.swift */,
			);
			path = UpdateAgent;
			sourceTree = "<group>";
		};
		A45A4323920150734BE1021A /* Packages */ = {
			isa = PBXGroup;
			children = (
				022BE63DC63BA25A8DF10A3A /* macContainer */,
			);
			name = Packages;
			sourceTree = "<group>";
		};
		A8F5309EDD76EEFA8509BC5F = {
			isa = PBXGroup;
			children = (
				01773C439E94E8BF0E58698D /* App */,
				E1C239B8B6AA005865A10478 /* Config */,
				A45A4323920150734BE1021A /* Packages */,
				2D88EC49E2095DF719A26885 /* Tests */,
				622CB3319C01A83E9F085008 /* Products */,
			);
			sourceTree = "<group>";
		};
		C3947CC5B4D1647D3C15CD52 /* Shared */ = {
			isa = PBXGroup;
			children = (
				DD579EB1BEC81D20D6AABE0E /* AccessibilityAuditFixturesView.swift */,
				BF56A2C0A0383057404249E3 /* DestructiveConfirmation.swift */,
				5C146AF9E27FF6DBF5B66ACE /* EmptyStateView.swift */,
				EC07E5974F1F669EDA3835D2 /* ErrorPresentation.swift */,
				B7F00233D3F5EAF189281A1F /* MarketingFixturesView.swift */,
				BBFEBE8C4402ED22787A9A5B /* ReadableForeground.swift */,
			);
			path = Shared;
			sourceTree = "<group>";
		};
		C5D0E0B9541A51466958050B /* Navigation */ = {
			isa = PBXGroup;
			children = (
				D9CFB7A1039C9AACE7840168 /* Sidebar.swift */,
			);
			path = Navigation;
			sourceTree = "<group>";
		};
		CD11A5E055678299A80ACC29 /* MacContainer */ = {
			isa = PBXGroup;
			children = (
				22BC5E1EE46F5B4E162DFE9E /* Info.plist */,
				D20200AB2227F11B73B20757 /* MacContainer.entitlements */,
				86F8017A7AF4E5AEFCA21634 /* MacContainerApp.swift */,
				15E0C82905CD949F57FE4172 /* SparkleAppUpdater.swift */,
				8732C4FEA79793B59F2ECDDC /* Commands */,
				F2159A1BDD54B3998A355323 /* Resources */,
				EDB08A107CA0B2F2CC1779B3 /* Scenes */,
				977A8082A1A92317877476C5 /* Views */,
			);
			path = MacContainer;
			sourceTree = "<group>";
		};
		E1C239B8B6AA005865A10478 /* Config */ = {
			isa = PBXGroup;
			children = (
				707D4693A81E388EAC7CE8BE /* physical-test-plan-v1.json */,
				0109B665B8B9E0A2723FE0A4 /* compatibility */,
			);
			path = Config;
			sourceTree = "<group>";
		};
		E9786E97BB1A305CED807491 /* Lifecycle */ = {
			isa = PBXGroup;
			children = (
				85D87B33FD2397B1E945B14C /* InstallRuntimeView.swift */,
				1894D2B69E749177266C6FA1 /* UninstallRuntimeView.swift */,
			);
			path = Lifecycle;
			sourceTree = "<group>";
		};
		EDB08A107CA0B2F2CC1779B3 /* Scenes */ = {
			isa = PBXGroup;
			children = (
				CB97DC4D57BB6DA454BEA96C /* RootScene.swift */,
				1F63D3B6EE5E462D3F67C16B /* SettingsScene.swift */,
				D66EEA68702755924F4CA59A /* TerminalScene.swift */,
			);
			path = Scenes;
			sourceTree = "<group>";
		};
		F2159A1BDD54B3998A355323 /* Resources */ = {
			isa = PBXGroup;
			children = (
				7DA332DC441801CF87A6FACE /* Assets.xcassets */,
				0E5EF59FE148D2BBC8A1570B /* InfoPlist.xcstrings */,
				EB25DFFFC3195DFE7AB83D27 /* Localizable.xcstrings */,
			);
			path = Resources;
			sourceTree = "<group>";
		};
		F6BA407032841B54F320A089 /* Templates */ = {
			isa = PBXGroup;
			children = (
				67FC1D817F9600804A60B628 /* OnboardingView.swift */,
				95760246C864BBE29AAE2E49 /* SimpleModeView.swift */,
				36F36C00CF00090A1F131BD6 /* TemplateLibraryView.swift */,
				49934915CB5CC4AD87FC140D /* TemplateReviewView.swift */,
			);
			path = Templates;
			sourceTree = "<group>";
		};
/* End PBXGroup section */

/* Begin PBXNativeTarget section */
		0295EC7C187FC4FC6F39BCC7 /* MacContainerIntegrationTests */ = {
			isa = PBXNativeTarget;
			buildConfigurationList = D71BBD8B334DA24603D19847 /* Build configuration list for PBXNativeTarget "MacContainerIntegrationTests" */;
			buildPhases = (
				19D127C25E27B3901DA8844A /* Sources */,
				98AF1F2A366F75DE228987E5 /* Frameworks */,
			);
			buildRules = (
			);
			dependencies = (
			);
			name = MacContainerIntegrationTests;
			packageProductDependencies = (
				C98042CD90EC12CE96C0F5A9 /* MCSystemLifecycle */,
				9058F4D6041ABB44A392A0CE /* MCCompatibility */,
				7C7F82EC3D85290CC284806E /* MCAppCore */,
				5444F6D9CA1B5F09D6B55BA8 /* MCModel */,
			);
			productName = MacContainerIntegrationTests;
			productReference = 3A9C7D7C8D72877A81205DFD /* MacContainerIntegrationTests.xctest */;
			productType = "com.apple.product-type.bundle.unit-test";
		};
		0D84BBF26F55F88FD2BDCEC2 /* MacContainer */ = {
			isa = PBXNativeTarget;
			buildConfigurationList = F2260B6DA4C8088501251862 /* Build configuration list for PBXNativeTarget "MacContainer" */;
			buildPhases = (
				28AC84545CE90BB3CA912F63 /* Sources */,
				F9F9C003E7269A2960D77D02 /* Embed helper and update agent */,
				ACC891774AA93134097CA467 /* Resources */,
				69E14400F0D09F8A298E4D27 /* Frameworks */,
			);
			buildRules = (
			);
			dependencies = (
				1275E52862E7EF5C66CB4AD3 /* PBXTargetDependency */,
				435A347F0053251D1EEA8D63 /* PBXTargetDependency */,
			);
			name = MacContainer;
			packageProductDependencies = (
				B0DB5C691040CB56B1D0CE5E /* MCModel */,
				AEE8D17F1726ADB6C7662123 /* MCContracts */,
				3C7815C0E6327FE0D828ED0A /* MCContainerBridge */,
				D053FED8FCF72BEAAF76792B /* MCCompatibility */,
				6FE93D71D0A25B8BED99A730 /* MCSystemLifecycle */,
				F818854C8319BB06AB72AB6D /* MCAppCore */,
				BE3935EAEBB5A7856DDD6144 /* MCTemplates */,
				DA76A04587AF0A8A56F57852 /* Sparkle */,
				E227222F84337B51B4100A39 /* SwiftTerm */,
			);
			productName = MacContainer;
			productReference = 21F003E1121A52612D93A836 /* MacContainer.app */;
			productType = "com.apple.product-type.application";
		};
		13BA042D4C68FAE33C509C09 /* MacContainerPrivilegedHelper */ = {
			isa = PBXNativeTarget;
			buildConfigurationList = 43E633D372B8B04C96FE4F41 /* Build configuration list for PBXNativeTarget "MacContainerPrivilegedHelper" */;
			buildPhases = (
				2FD632B8CD4FAA21E48488A0 /* Sources */,
				1017BD42F303DB622E7BB2DE /* Resources */,
				90D6A65E03CADC16BA9BFE21 /* Frameworks */,
			);
			buildRules = (
			);
			dependencies = (
			);
			name = MacContainerPrivilegedHelper;
			packageProductDependencies = (
				0678B905C5AB9E778D9CE029 /* MCModel */,
				358E073B8E4125B47C6901AA /* MCSystemLifecycle */,
			);
			productName = MacContainerPrivilegedHelper;
			productReference = D1613C212F2D32D3D72EC1F7 /* MacContainerPrivilegedHelper */;
			productType = "com.apple.product-type.tool";
		};
		3C2FA5B1686873A4890B19D8 /* MacContainerUpdateAgent */ = {
			isa = PBXNativeTarget;
			buildConfigurationList = 625B0B5238F4A5ACC1209BCD /* Build configuration list for PBXNativeTarget "MacContainerUpdateAgent" */;
			buildPhases = (
				48FFEC87607BEAA1EE258052 /* Sources */,
				DC84E9E239E39DD1C6CAA647 /* Resources */,
				7EEB4567DD42F6847A7F8653 /* Frameworks */,
			);
			buildRules = (
			);
			dependencies = (
			);
			name = MacContainerUpdateAgent;
			packageProductDependencies = (
				6671217DADE10F50D2890E64 /* MCModel */,
				D771D3FE02EFAC1CCF8B877D /* MCSystemLifecycle */,
				581B57738A515A8AE83C748C /* MCCompatibility */,
			);
			productName = MacContainerUpdateAgent;
			productReference = E2D2B7C3DE4FCFAC7B4FB0AC /* MacContainerUpdateAgent */;
			productType = "com.apple.product-type.tool";
		};
		B5C6146A93C19B6F98C65E7B /* MacContainerUITests */ = {
			isa = PBXNativeTarget;
			buildConfigurationList = E027C5CA4F8D08A02B555EAF /* Build configuration list for PBXNativeTarget "MacContainerUITests" */;
			buildPhases = (
				92D9F3E3D0FA7D112CF2E29A /* Sources */,
			);
			buildRules = (
			);
			dependencies = (
				189216C14694E32EB3BC5E7B /* PBXTargetDependency */,
			);
			name = MacContainerUITests;
			packageProductDependencies = (
			);
			productName = MacContainerUITests;
			productReference = 8B63F1C8A341FA1DD67BADF7 /* MacContainerUITests.xctest */;
			productType = "com.apple.product-type.bundle.ui-testing";
		};
/* End PBXNativeTarget section */

/* Begin PBXProject section */
		5817788CF074C906EBE5B44B /* Project object */ = {
			isa = PBXProject;
			attributes = {
				BuildIndependentTargetsInParallel = YES;
				LastUpgradeCheck = 1430;
				TargetAttributes = {
					0295EC7C187FC4FC6F39BCC7 = {
						DevelopmentTeam = 4DUQGD879H;
						ProvisioningStyle = Manual;
					};
					0D84BBF26F55F88FD2BDCEC2 = {
						DevelopmentTeam = 4DUQGD879H;
						ProvisioningStyle = Manual;
					};
					13BA042D4C68FAE33C509C09 = {
						DevelopmentTeam = 4DUQGD879H;
						ProvisioningStyle = Manual;
					};
					3C2FA5B1686873A4890B19D8 = {
						DevelopmentTeam = 4DUQGD879H;
						ProvisioningStyle = Manual;
					};
					B5C6146A93C19B6F98C65E7B = {
						DevelopmentTeam = 4DUQGD879H;
						ProvisioningStyle = Manual;
						TestTargetID = 0D84BBF26F55F88FD2BDCEC2;
					};
				};
			};
			buildConfigurationList = C87C4D89426E83E4A27E2F2C /* Build configuration list for PBXProject "MacContainer" */;
			developmentRegion = en;
			hasScannedForEncodings = 0;
			knownRegions = (
				Base,
				en,
				ja,
				ko,
				"zh-Hans",
				"zh-Hant",
			);
			mainGroup = A8F5309EDD76EEFA8509BC5F;
			minimizedProjectReferenceProxies = 1;
			packageReferences = (
				2FF499DA4535EFDD629492D3 /* XCRemoteSwiftPackageReference "Sparkle" */,
				310BC3D875627F657803D88C /* XCRemoteSwiftPackageReference "SwiftTerm" */,
				A9346C98F1C796AD2087ADA4 /* XCLocalSwiftPackageReference "." */,
			);
			preferredProjectObjectVersion = 77;
			productRefGroup = 622CB3319C01A83E9F085008 /* Products */;
			projectDirPath = "";
			projectRoot = "";
			targets = (
				0D84BBF26F55F88FD2BDCEC2 /* MacContainer */,
				0295EC7C187FC4FC6F39BCC7 /* MacContainerIntegrationTests */,
				13BA042D4C68FAE33C509C09 /* MacContainerPrivilegedHelper */,
				B5C6146A93C19B6F98C65E7B /* MacContainerUITests */,
				3C2FA5B1686873A4890B19D8 /* MacContainerUpdateAgent */,
			);
		};
/* End PBXProject section */

/* Begin PBXResourcesBuildPhase section */
		1017BD42F303DB622E7BB2DE /* Resources */ = {
			isa = PBXResourcesBuildPhase;
			buildActionMask = 2147483647;
			files = (
				3B388AE0E2A8D4886CAD97EA /* container.matrixreligio.com.helper.plist in Resources */,
			);
			runOnlyForDeploymentPostprocessing = 0;
		};
		ACC891774AA93134097CA467 /* Resources */ = {
			isa = PBXResourcesBuildPhase;
			buildActionMask = 2147483647;
			files = (
				6844CE4B851CC5FEE8D4D03A /* Assets.xcassets in Resources */,
				1B498E3905F0C3C560DA2EBE /* InfoPlist.xcstrings in Resources */,
				80CF917B7EEDD05A06FBBCD9 /* Localizable.xcstrings in Resources */,
				92AABF16463A554CE7ACB703 /* README.md in Resources */,
				210EA05C809DE441AEF01F30 /* apple-container-1.1.0.expectations.json in Resources */,
				104985B0301772CF93922BB3 /* apple-container-1.1.0.json in Resources */,
				75BD4C02DBC689E6D3A6A7A5 /* physical-test-plan-v1.json in Resources */,
			);
			runOnlyForDeploymentPostprocessing = 0;
		};
		DC84E9E239E39DD1C6CAA647 /* Resources */ = {
			isa = PBXResourcesBuildPhase;
			buildActionMask = 2147483647;
			files = (
				6DE9477615EBC075DD67E492 /* container.matrixreligio.com.update-agent.plist in Resources */,
			);
			runOnlyForDeploymentPostprocessing = 0;
		};
/* End PBXResourcesBuildPhase section */

/* Begin PBXShellScriptBuildPhase section */
		F9F9C003E7269A2960D77D02 /* Embed helper and update agent */ = {
			isa = PBXShellScriptBuildPhase;
			buildActionMask = 2147483647;
			files = (
			);
			inputFileListPaths = (
			);
			inputPaths = (
				"$(BUILT_PRODUCTS_DIR)/container.matrixreligio.com.helper",
				"$(BUILT_PRODUCTS_DIR)/container.matrixreligio.com.update-agent",
				"$(SRCROOT)/App/PrivilegedHelper/container.matrixreligio.com.helper.plist",
				"$(SRCROOT)/App/UpdateAgent/container.matrixreligio.com.update-agent.plist",
			);
			name = "Embed helper and update agent";
			outputFileListPaths = (
			);
			outputPaths = (
				"$(TARGET_BUILD_DIR)/$(CONTENTS_FOLDER_PATH)/MacOS/container.matrixreligio.com.helper",
				"$(TARGET_BUILD_DIR)/$(CONTENTS_FOLDER_PATH)/MacOS/container.matrixreligio.com.update-agent",
				"$(TARGET_BUILD_DIR)/$(CONTENTS_FOLDER_PATH)/Library/LaunchDaemons/container.matrixreligio.com.helper.plist",
				"$(TARGET_BUILD_DIR)/$(CONTENTS_FOLDER_PATH)/Library/LaunchAgents/container.matrixreligio.com.update-agent.plist",
			);
			runOnlyForDeploymentPostprocessing = 0;
			shellPath = /bin/sh;
			shellScript = "set -euo pipefail\nexecutable_dir=\"$TARGET_BUILD_DIR/$CONTENTS_FOLDER_PATH/MacOS\"\ndaemon_dir=\"$TARGET_BUILD_DIR/$CONTENTS_FOLDER_PATH/Library/LaunchDaemons\"\nlaunch_agent_dir=\"$TARGET_BUILD_DIR/$CONTENTS_FOLDER_PATH/Library/LaunchAgents\"\nmkdir -p \"$executable_dir\" \"$daemon_dir\" \"$launch_agent_dir\"\nditto \"$BUILT_PRODUCTS_DIR/container.matrixreligio.com.helper\" \"$executable_dir/container.matrixreligio.com.helper\"\nditto \"$BUILT_PRODUCTS_DIR/container.matrixreligio.com.update-agent\" \"$executable_dir/container.matrixreligio.com.update-agent\"\nditto \"$SRCROOT/App/PrivilegedHelper/container.matrixreligio.com.helper.plist\" \"$daemon_dir/container.matrixreligio.com.helper.plist\"\nditto \"$SRCROOT/App/UpdateAgent/container.matrixreligio.com.update-agent.plist\" \"$launch_agent_dir/container.matrixreligio.com.update-agent.plist\"\nif [[ \"${CODE_SIGNING_ALLOWED:-YES}\" == YES && -n \"${EXPANDED_CODE_SIGN_IDENTITY:-}\" ]]; then\n  codesign --force --sign \"$EXPANDED_CODE_SIGN_IDENTITY\" --identifier \"container.matrixreligio.com.helper\" --options runtime --entitlements \"$SRCROOT/App/PrivilegedHelper/PrivilegedHelper.entitlements\" \"$executable_dir/container.matrixreligio.com.helper\"\n  codesign --force --sign \"$EXPANDED_CODE_SIGN_IDENTITY\" --identifier \"container.matrixreligio.com.update-agent\" --options runtime --entitlements \"$SRCROOT/App/UpdateAgent/UpdateAgent.entitlements\" \"$executable_dir/container.matrixreligio.com.update-agent\"\nfi\n";
		};
/* End PBXShellScriptBuildPhase section */

/* Begin PBXSourcesBuildPhase section */
		19D127C25E27B3901DA8844A /* Sources */ = {
			isa = PBXSourcesBuildPhase;
			buildActionMask = 2147483647;
			files = (
				BAFB78940C2DE56A767E319B /* BuildSmokeTests.swift in Sources */,
				AFA9DD390821D00030A5F7C4 /* PrivilegedHelperIntegrationTests.swift in Sources */,
				BD426AB7EAAF27A7AFDD22EF /* TerminalAdapterTests.swift in Sources */,
				EB62C06B0E201D6E68255AD3 /* UpdateAgentLocalization.swift in Sources */,
				1A6847923EA79941E654F771 /* UpdateAgentTests.swift in Sources */,
			);
			runOnlyForDeploymentPostprocessing = 0;
		};
		28AC84545CE90BB3CA912F63 /* Sources */ = {
			isa = PBXSourcesBuildPhase;
			buildActionMask = 2147483647;
			files = (
				65E5B5B6A39E82E2441A6C99 /* AboutSettingsView.swift in Sources */,
				ED76AB46353B726A553A8285 /* AccessibilityAuditFixturesView.swift in Sources */,
				4AE8495450860A39907C10CA /* AdvancedSettingsView.swift in Sources */,
				3FE3297CE74837A67CA1612F /* CompatibilitySettingsView.swift in Sources */,
				272859EAC6F5E8A0EDC7446D /* ContractAuditView.swift in Sources */,
				759B56A8F7C9600E50F0B17F /* DefaultsSettingsView.swift in Sources */,
				588EE85E13553B3E1424138E /* DestructiveConfirmation.swift in Sources */,
				A4AFD249D4292E97D0186720 /* EmptyStateView.swift in Sources */,
				15EBE6AB00A1D4FFE22EA985 /* ErrorPresentation.swift in Sources */,
				8056F8C21C3DCC993468E460 /* GeneralSettingsView.swift in Sources */,
				16BDF5C61509AE3F46D0D860 /* InstallRuntimeView.swift in Sources */,
				D0A826E790E24F7AE8CBF985 /* MacContainerApp.swift in Sources */,
				ACB36AC1DA60D186C6645499 /* MacContainerCommands.swift in Sources */,
				4745EDA1B319D2781FDFF20B /* MarketingFixturesView.swift in Sources */,
				5C81F94CB50426DE79491882 /* OnboardingView.swift in Sources */,
				B24DEBFDF0ECF0ECB639F70E /* OperationForm.swift in Sources */,
				AC00F0017BAE1CFB531E3CAF /* OperationReview.swift in Sources */,
				DEF594539DCB6BA5EB4CA6D0 /* OverviewView.swift in Sources */,
				4CAB808E0CC4CB3CC544E3D9 /* ParameterField.swift in Sources */,
				7EC377A17D15D7E09CFD778B /* ParameterHelpButton.swift in Sources */,
				B9D583A434B7734E5ED672D1 /* PlainProcessOutputView.swift in Sources */,
				6489AD6E630A234F213B97C2 /* ReadableForeground.swift in Sources */,
				2AC901F293BB67BE5834368A /* ResourceFixtures.swift in Sources */,
				CC23E8931F5649FB18158CA1 /* ResourceTable.swift in Sources */,
				E32CA06B338CAC8688D3BCCB /* RootScene.swift in Sources */,
				CC0B36AF4E3C9E81F7A3EF03 /* RuntimeSettingsView.swift in Sources */,
				916FE33CC6BB75F6A6F22E63 /* RuntimeUpdateSettingsView.swift in Sources */,
				02F606D42BBCAC3F049464C9 /* SettingsForm.swift in Sources */,
				E296281EE028B6DAF297D164 /* SettingsScene.swift in Sources */,
				DBD0CD199EF64C42C8EC034F /* Sidebar.swift in Sources */,
				EB5267F9D19CA944A88D09F6 /* SimpleModeView.swift in Sources */,
				3B2AFA188A3FF6B407F9EBF0 /* SparkleAppUpdater.swift in Sources */,
				5ADA9E2E1F724C70AE4EFBF9 /* SwiftTermRepresentable.swift in Sources */,
				1A2126C0D7CDFEB098DF07A4 /* TemplateLibraryView.swift in Sources */,
				1A6A48F3CFF0FABA36116D6A /* TemplateReviewView.swift in Sources */,
				3947A292F138A4056AE2D63F /* TerminalScene.swift in Sources */,
				23DE208ABC6C47FDA8C55C40 /* TerminalSessionView.swift in Sources */,
				B6509B343316512CB1F520BF /* UninstallRuntimeView.swift in Sources */,
			);
			runOnlyForDeploymentPostprocessing = 0;
		};
		2FD632B8CD4FAA21E48488A0 /* Sources */ = {
			isa = PBXSourcesBuildPhase;
			buildActionMask = 2147483647;
			files = (
				64B071CB9CDD56F3B7739569 /* HelperListenerDelegate.swift in Sources */,
				A1C25EC4040B966615E7B508 /* main.swift in Sources */,
			);
			runOnlyForDeploymentPostprocessing = 0;
		};
		48FFEC87607BEAA1EE258052 /* Sources */ = {
			isa = PBXSourcesBuildPhase;
			buildActionMask = 2147483647;
			files = (
				DE2972FEC2D4D8DFF1675BCF /* UpdateAgentLocalization.swift in Sources */,
				1EA36A959F2D34BA569CF8C9 /* UpdateAgentService.swift in Sources */,
				B643A75B3778B91492259FD8 /* UpdateSchedule.swift in Sources */,
				A175E87DA3C991E2D1CCC779 /* main.swift in Sources */,
			);
			runOnlyForDeploymentPostprocessing = 0;
		};
		92D9F3E3D0FA7D112CF2E29A /* Sources */ = {
			isa = PBXSourcesBuildPhase;
			buildActionMask = 2147483647;
			files = (
				D1E1ACB1F44F0E0048BDF903 /* AccessibilityAuditTests.swift in Sources */,
				CA22B35F5691DEE499C328D1 /* AutomaticUpdateUITests.swift in Sources */,
				79939C186296FE80B5A525A8 /* KeyboardNavigationTests.swift in Sources */,
				7BCD6343A1549342AF3831D5 /* LaunchTests.swift in Sources */,
				66263B05A694780B00548020 /* LocalizationUITests.swift in Sources */,
				ABBB5D02CD50B469117B7CAF /* MarketingScreenshotTests.swift in Sources */,
				9A2898F892668B593B00EC14 /* NavigationTests.swift in Sources */,
				38E362E0A1D934CC90FA2C71 /* ParameterFormTests.swift in Sources */,
				12D87378C6D55758D541268B /* PhysicalRuntimeUITests.swift in Sources */,
				FBC204432E6CCD262D1B623E /* ResourceManagementTests.swift in Sources */,
				59DB36E7615C0860E5B75150 /* RuntimeLifecycleUITests.swift in Sources */,
				E39E1EF8C8C0D5FF02542601 /* SimpleModeTests.swift in Sources */,
				9BB256214EB7168AB2CEB974 /* SparkleUpdateUITests.swift in Sources */,
				D08FE0F8969F9A9CB38CA56E /* TerminalUITests.swift in Sources */,
				172AA82CE35C27F07892A5E1 /* VisualAdaptationTests.swift in Sources */,
			);
			runOnlyForDeploymentPostprocessing = 0;
		};
/* End PBXSourcesBuildPhase section */

/* Begin PBXTargetDependency section */
		1275E52862E7EF5C66CB4AD3 /* PBXTargetDependency */ = {
			isa = PBXTargetDependency;
			target = 13BA042D4C68FAE33C509C09 /* MacContainerPrivilegedHelper */;
			targetProxy = 8ADD9A390727F294EC5700FB /* PBXContainerItemProxy */;
		};
		189216C14694E32EB3BC5E7B /* PBXTargetDependency */ = {
			isa = PBXTargetDependency;
			target = 0D84BBF26F55F88FD2BDCEC2 /* MacContainer */;
			targetProxy = 72B83F6792655E0C84459201 /* PBXContainerItemProxy */;
		};
		435A347F0053251D1EEA8D63 /* PBXTargetDependency */ = {
			isa = PBXTargetDependency;
			target = 3C2FA5B1686873A4890B19D8 /* MacContainerUpdateAgent */;
			targetProxy = 934F1B614BA2198D147B628E /* PBXContainerItemProxy */;
		};
/* End PBXTargetDependency section */

/* Begin XCBuildConfiguration section */
		06AF5CB6B242CCD8CF61E653 /* Debug */ = {
			isa = XCBuildConfiguration;
			buildSettings = {
				BUNDLE_LOADER = "$(TEST_HOST)";
				COMBINE_HIDPI_IMAGES = YES;
				GENERATE_INFOPLIST_FILE = YES;
				LD_RUNPATH_SEARCH_PATHS = (
					"$(inherited)",
					"@executable_path/../Frameworks",
					"@loader_path/../Frameworks",
				);
				SDKROOT = macosx;
			};
			name = Debug;
		};
		183895E4AE37375B4EE2BD68 /* Debug */ = {
			isa = XCBuildConfiguration;
			buildSettings = {
				ASSETCATALOG_COMPILER_APPICON_NAME = AppIcon;
				CODE_SIGN_ENTITLEMENTS = App/MacContainer/MacContainer.entitlements;
				COMBINE_HIDPI_IMAGES = YES;
				ENABLE_APP_SANDBOX = NO;
				INFOPLIST_FILE = App/MacContainer/Info.plist;
				LD_RUNPATH_SEARCH_PATHS = (
					"$(inherited)",
					"@executable_path/../Frameworks",
				);
				PRODUCT_BUNDLE_IDENTIFIER = container.matrixreligio.com;
				PRODUCT_NAME = MacContainer;
				SDKROOT = macosx;
			};
			name = Debug;
		};
		2C220A6995136A8F847529EE /* Release */ = {
			isa = XCBuildConfiguration;
			buildSettings = {
				BUNDLE_LOADER = "$(TEST_HOST)";
				COMBINE_HIDPI_IMAGES = YES;
				GENERATE_INFOPLIST_FILE = YES;
				LD_RUNPATH_SEARCH_PATHS = (
					"$(inherited)",
					"@executable_path/Frameworks",
					"@loader_path/Frameworks",
				);
				PRODUCT_BUNDLE_IDENTIFIER = "container.matrixreligio.com.ui-tests";
				SDKROOT = macosx;
				TEST_TARGET_NAME = MacContainer;
			};
			name = Release;
		};
		3CA197C7262A0D8888B4EAF4 /* Debug */ = {
			isa = XCBuildConfiguration;
			buildSettings = {
				ALWAYS_SEARCH_USER_PATHS = NO;
				ARCHS = arm64;
				CLANG_ANALYZER_NONNULL = YES;
				CLANG_ANALYZER_NUMBER_OBJECT_CONVERSION = YES_AGGRESSIVE;
				CLANG_CXX_LANGUAGE_STANDARD = "gnu++14";
				CLANG_CXX_LIBRARY = "libc++";
				CLANG_ENABLE_MODULES = YES;
				CLANG_ENABLE_OBJC_ARC = YES;
				CLANG_ENABLE_OBJC_WEAK = YES;
				CLANG_WARN_BLOCK_CAPTURE_AUTORELEASING = YES;
				CLANG_WARN_BOOL_CONVERSION = YES;
				CLANG_WARN_COMMA = YES;
				CLANG_WARN_CONSTANT_CONVERSION = YES;
				CLANG_WARN_DEPRECATED_OBJC_IMPLEMENTATIONS = YES;
				CLANG_WARN_DIRECT_OBJC_ISA_USAGE = YES_ERROR;
				CLANG_WARN_DOCUMENTATION_COMMENTS = YES;
				CLANG_WARN_EMPTY_BODY = YES;
				CLANG_WARN_ENUM_CONVERSION = YES;
				CLANG_WARN_INFINITE_RECURSION = YES;
				CLANG_WARN_INT_CONVERSION = YES;
				CLANG_WARN_NON_LITERAL_NULL_CONVERSION = YES;
				CLANG_WARN_OBJC_IMPLICIT_RETAIN_SELF = YES;
				CLANG_WARN_OBJC_LITERAL_CONVERSION = YES;
				CLANG_WARN_OBJC_ROOT_CLASS = YES_ERROR;
				CLANG_WARN_QUOTED_INCLUDE_IN_FRAMEWORK_HEADER = YES;
				CLANG_WARN_RANGE_LOOP_ANALYSIS = YES;
				CLANG_WARN_STRICT_PROTOTYPES = YES;
				CLANG_WARN_SUSPICIOUS_MOVE = YES;
				CLANG_WARN_UNGUARDED_AVAILABILITY = YES_AGGRESSIVE;
				CLANG_WARN_UNREACHABLE_CODE = YES;
				CLANG_WARN__DUPLICATE_METHOD_MATCH = YES;
				CODE_SIGN_IDENTITY = "Developer ID Application";
				CODE_SIGN_STYLE = Manual;
				COPY_PHASE_STRIP = NO;
				CURRENT_PROJECT_VERSION = 9;
				DEBUG_INFORMATION_FORMAT = dwarf;
				DEVELOPMENT_TEAM = 4DUQGD879H;
				ENABLE_HARDENED_RUNTIME = YES;
				ENABLE_STRICT_OBJC_MSGSEND = YES;
				ENABLE_TESTABILITY = YES;
				GCC_C_LANGUAGE_STANDARD = gnu11;
				GCC_DYNAMIC_NO_PIC = NO;
				GCC_NO_COMMON_BLOCKS = YES;
				GCC_OPTIMIZATION_LEVEL = 0;
				GCC_PREPROCESSOR_DEFINITIONS = (
					"$(inherited)",
					"DEBUG=1",
				);
				GCC_WARN_64_TO_32_BIT_CONVERSION = YES;
				GCC_WARN_ABOUT_RETURN_TYPE = YES_ERROR;
				GCC_WARN_UNDECLARED_SELECTOR = YES;
				GCC_WARN_UNINITIALIZED_AUTOS = YES_AGGRESSIVE;
				GCC_WARN_UNUSED_FUNCTION = YES;
				GCC_WARN_UNUSED_VARIABLE = YES;
				MACOSX_DEPLOYMENT_TARGET = 26.0;
				MARKETING_VERSION = 0.1.8;
				MTL_ENABLE_DEBUG_INFO = INCLUDE_SOURCE;
				MTL_FAST_MATH = YES;
				ONLY_ACTIVE_ARCH = YES;
				PRODUCT_NAME = "$(TARGET_NAME)";
				SDKROOT = macosx;
				SWIFT_ACTIVE_COMPILATION_CONDITIONS = DEBUG;
				SWIFT_OPTIMIZATION_LEVEL = "-Onone";
				SWIFT_STRICT_CONCURRENCY = complete;
				SWIFT_VERSION = 6.0;
			};
			name = Debug;
		};
		4C783C8A702AE9D53D48CC76 /* Release */ = {
			isa = XCBuildConfiguration;
			buildSettings = {
				CODE_SIGN_ENTITLEMENTS = App/UpdateAgent/UpdateAgent.entitlements;
				COMBINE_HIDPI_IMAGES = YES;
				LD_RUNPATH_SEARCH_PATHS = (
					"$(inherited)",
					"@executable_path/../Frameworks",
				);
				PRODUCT_BUNDLE_IDENTIFIER = "container.matrixreligio.com.update-agent";
				PRODUCT_NAME = "container.matrixreligio.com.update-agent";
				SDKROOT = macosx;
			};
			name = Release;
		};
		63BFAE77A1F2533475DB23DD /* Release */ = {
			isa = XCBuildConfiguration;
			buildSettings = {
				BUNDLE_LOADER = "$(TEST_HOST)";
				COMBINE_HIDPI_IMAGES = YES;
				GENERATE_INFOPLIST_FILE = YES;
				LD_RUNPATH_SEARCH_PATHS = (
					"$(inherited)",
					"@executable_path/../Frameworks",
					"@loader_path/../Frameworks",
				);
				SDKROOT = macosx;
			};
			name = Release;
		};
		6EFE4DFB857B4C40A61C90CB /* Release */ = {
			isa = XCBuildConfiguration;
			buildSettings = {
				ALWAYS_SEARCH_USER_PATHS = NO;
				ARCHS = arm64;
				CLANG_ANALYZER_NONNULL = YES;
				CLANG_ANALYZER_NUMBER_OBJECT_CONVERSION = YES_AGGRESSIVE;
				CLANG_CXX_LANGUAGE_STANDARD = "gnu++14";
				CLANG_CXX_LIBRARY = "libc++";
				CLANG_ENABLE_MODULES = YES;
				CLANG_ENABLE_OBJC_ARC = YES;
				CLANG_ENABLE_OBJC_WEAK = YES;
				CLANG_WARN_BLOCK_CAPTURE_AUTORELEASING = YES;
				CLANG_WARN_BOOL_CONVERSION = YES;
				CLANG_WARN_COMMA = YES;
				CLANG_WARN_CONSTANT_CONVERSION = YES;
				CLANG_WARN_DEPRECATED_OBJC_IMPLEMENTATIONS = YES;
				CLANG_WARN_DIRECT_OBJC_ISA_USAGE = YES_ERROR;
				CLANG_WARN_DOCUMENTATION_COMMENTS = YES;
				CLANG_WARN_EMPTY_BODY = YES;
				CLANG_WARN_ENUM_CONVERSION = YES;
				CLANG_WARN_INFINITE_RECURSION = YES;
				CLANG_WARN_INT_CONVERSION = YES;
				CLANG_WARN_NON_LITERAL_NULL_CONVERSION = YES;
				CLANG_WARN_OBJC_IMPLICIT_RETAIN_SELF = YES;
				CLANG_WARN_OBJC_LITERAL_CONVERSION = YES;
				CLANG_WARN_OBJC_ROOT_CLASS = YES_ERROR;
				CLANG_WARN_QUOTED_INCLUDE_IN_FRAMEWORK_HEADER = YES;
				CLANG_WARN_RANGE_LOOP_ANALYSIS = YES;
				CLANG_WARN_STRICT_PROTOTYPES = YES;
				CLANG_WARN_SUSPICIOUS_MOVE = YES;
				CLANG_WARN_UNGUARDED_AVAILABILITY = YES_AGGRESSIVE;
				CLANG_WARN_UNREACHABLE_CODE = YES;
				CLANG_WARN__DUPLICATE_METHOD_MATCH = YES;
				CODE_SIGN_IDENTITY = "Developer ID Application";
				CODE_SIGN_STYLE = Manual;
				COPY_PHASE_STRIP = NO;
				CURRENT_PROJECT_VERSION = 9;
				DEBUG_INFORMATION_FORMAT = "dwarf-with-dsym";
				DEVELOPMENT_TEAM = 4DUQGD879H;
				ENABLE_HARDENED_RUNTIME = YES;
				ENABLE_NS_ASSERTIONS = NO;
				ENABLE_STRICT_OBJC_MSGSEND = YES;
				GCC_C_LANGUAGE_STANDARD = gnu11;
				GCC_NO_COMMON_BLOCKS = YES;
				GCC_WARN_64_TO_32_BIT_CONVERSION = YES;
				GCC_WARN_ABOUT_RETURN_TYPE = YES_ERROR;
				GCC_WARN_UNDECLARED_SELECTOR = YES;
				GCC_WARN_UNINITIALIZED_AUTOS = YES_AGGRESSIVE;
				GCC_WARN_UNUSED_FUNCTION = YES;
				GCC_WARN_UNUSED_VARIABLE = YES;
				MACOSX_DEPLOYMENT_TARGET = 26.0;
				MARKETING_VERSION = 0.1.8;
				MTL_ENABLE_DEBUG_INFO = NO;
				MTL_FAST_MATH = YES;
				PRODUCT_NAME = "$(TARGET_NAME)";
				SDKROOT = macosx;
				SWIFT_COMPILATION_MODE = wholemodule;
				SWIFT_OPTIMIZATION_LEVEL = "-O";
				SWIFT_STRICT_CONCURRENCY = complete;
				SWIFT_VERSION = 6.0;
			};
			name = Release;
		};
		8F701D496FC0437FDF9D4782 /* Debug */ = {
			isa = XCBuildConfiguration;
			buildSettings = {
				CODE_SIGN_ENTITLEMENTS = App/PrivilegedHelper/PrivilegedHelper.entitlements;
				COMBINE_HIDPI_IMAGES = YES;
				LD_RUNPATH_SEARCH_PATHS = (
					"$(inherited)",
					"@executable_path/../Frameworks",
				);
				PRODUCT_BUNDLE_IDENTIFIER = container.matrixreligio.com.helper;
				PRODUCT_NAME = container.matrixreligio.com.helper;
				SDKROOT = macosx;
			};
			name = Debug;
		};
		903499370236F8FB4DDB1556 /* Release */ = {
			isa = XCBuildConfiguration;
			buildSettings = {
				ASSETCATALOG_COMPILER_APPICON_NAME = AppIcon;
				CODE_SIGN_ENTITLEMENTS = App/MacContainer/MacContainer.entitlements;
				COMBINE_HIDPI_IMAGES = YES;
				ENABLE_APP_SANDBOX = NO;
				INFOPLIST_FILE = App/MacContainer/Info.plist;
				LD_RUNPATH_SEARCH_PATHS = (
					"$(inherited)",
					"@executable_path/../Frameworks",
				);
				PRODUCT_BUNDLE_IDENTIFIER = container.matrixreligio.com;
				PRODUCT_NAME = MacContainer;
				SDKROOT = macosx;
			};
			name = Release;
		};
		9E153033F78E2C4AC0620F79 /* Release */ = {
			isa = XCBuildConfiguration;
			buildSettings = {
				CODE_SIGN_ENTITLEMENTS = App/PrivilegedHelper/PrivilegedHelper.entitlements;
				COMBINE_HIDPI_IMAGES = YES;
				LD_RUNPATH_SEARCH_PATHS = (
					"$(inherited)",
					"@executable_path/../Frameworks",
				);
				PRODUCT_BUNDLE_IDENTIFIER = container.matrixreligio.com.helper;
				PRODUCT_NAME = container.matrixreligio.com.helper;
				SDKROOT = macosx;
			};
			name = Release;
		};
		B3E90D3B3FB8CDE0BD2CFEEB /* Debug */ = {
			isa = XCBuildConfiguration;
			buildSettings = {
				CODE_SIGN_ENTITLEMENTS = App/UpdateAgent/UpdateAgent.entitlements;
				COMBINE_HIDPI_IMAGES = YES;
				LD_RUNPATH_SEARCH_PATHS = (
					"$(inherited)",
					"@executable_path/../Frameworks",
				);
				PRODUCT_BUNDLE_IDENTIFIER = "container.matrixreligio.com.update-agent";
				PRODUCT_NAME = "container.matrixreligio.com.update-agent";
				SDKROOT = macosx;
			};
			name = Debug;
		};
		C20A0837C406333B5D2D988C /* Debug */ = {
			isa = XCBuildConfiguration;
			buildSettings = {
				BUNDLE_LOADER = "$(TEST_HOST)";
				COMBINE_HIDPI_IMAGES = YES;
				GENERATE_INFOPLIST_FILE = YES;
				LD_RUNPATH_SEARCH_PATHS = (
					"$(inherited)",
					"@executable_path/Frameworks",
					"@loader_path/Frameworks",
				);
				PRODUCT_BUNDLE_IDENTIFIER = "container.matrixreligio.com.ui-tests";
				SDKROOT = macosx;
				TEST_TARGET_NAME = MacContainer;
			};
			name = Debug;
		};
/* End XCBuildConfiguration section */

/* Begin XCConfigurationList section */
		43E633D372B8B04C96FE4F41 /* Build configuration list for PBXNativeTarget "MacContainerPrivilegedHelper" */ = {
			isa = XCConfigurationList;
			buildConfigurations = (
				8F701D496FC0437FDF9D4782 /* Debug */,
				9E153033F78E2C4AC0620F79 /* Release */,
			);
			defaultConfigurationIsVisible = 0;
			defaultConfigurationName = Debug;
		};
		625B0B5238F4A5ACC1209BCD /* Build configuration list for PBXNativeTarget "MacContainerUpdateAgent" */ = {
			isa = XCConfigurationList;
			buildConfigurations = (
				B3E90D3B3FB8CDE0BD2CFEEB /* Debug */,
				4C783C8A702AE9D53D48CC76 /* Release */,
			);
			defaultConfigurationIsVisible = 0;
			defaultConfigurationName = Debug;
		};
		C87C4D89426E83E4A27E2F2C /* Build configuration list for PBXProject "MacContainer" */ = {
			isa = XCConfigurationList;
			buildConfigurations = (
				3CA197C7262A0D8888B4EAF4 /* Debug */,
				6EFE4DFB857B4C40A61C90CB /* Release */,
			);
			defaultConfigurationIsVisible = 0;
			defaultConfigurationName = Debug;
		};
		D71BBD8B334DA24603D19847 /* Build configuration list for PBXNativeTarget "MacContainerIntegrationTests" */ = {
			isa = XCConfigurationList;
			buildConfigurations = (
				06AF5CB6B242CCD8CF61E653 /* Debug */,
				63BFAE77A1F2533475DB23DD /* Release */,
			);
			defaultConfigurationIsVisible = 0;
			defaultConfigurationName = Debug;
		};
		E027C5CA4F8D08A02B555EAF /* Build configuration list for PBXNativeTarget "MacContainerUITests" */ = {
			isa = XCConfigurationList;
			buildConfigurations = (
				C20A0837C406333B5D2D988C /* Debug */,
				2C220A6995136A8F847529EE /* Release */,
			);
			defaultConfigurationIsVisible = 0;
			defaultConfigurationName = Debug;
		};
		F2260B6DA4C8088501251862 /* Build configuration list for PBXNativeTarget "MacContainer" */ = {
			isa = XCConfigurationList;
			buildConfigurations = (
				183895E4AE37375B4EE2BD68 /* Debug */,
				903499370236F8FB4DDB1556 /* Release */,
			);
			defaultConfigurationIsVisible = 0;
			defaultConfigurationName = Debug;
		};
/* End XCConfigurationList section */

/* Begin XCLocalSwiftPackageReference section */
		A9346C98F1C796AD2087ADA4 /* XCLocalSwiftPackageReference "." */ = {
			isa = XCLocalSwiftPackageReference;
			relativePath = .;
		};
/* End XCLocalSwiftPackageReference section */

/* Begin XCRemoteSwiftPackageReference section */
		2FF499DA4535EFDD629492D3 /* XCRemoteSwiftPackageReference "Sparkle" */ = {
			isa = XCRemoteSwiftPackageReference;
			repositoryURL = "https://github.com/sparkle-project/Sparkle";
			requirement = {
				kind = exactVersion;
				version = 2.9.4;
			};
		};
		310BC3D875627F657803D88C /* XCRemoteSwiftPackageReference "SwiftTerm" */ = {
			isa = XCRemoteSwiftPackageReference;
			repositoryURL = "https://github.com/migueldeicaza/SwiftTerm";
			requirement = {
				kind = exactVersion;
				version = 1.13.0;
			};
		};
/* End XCRemoteSwiftPackageReference section */

/* Begin XCSwiftPackageProductDependency section */
		0678B905C5AB9E778D9CE029 /* MCModel */ = {
			isa = XCSwiftPackageProductDependency;
			productName = MCModel;
		};
		358E073B8E4125B47C6901AA /* MCSystemLifecycle */ = {
			isa = XCSwiftPackageProductDependency;
			productName = MCSystemLifecycle;
		};
		3C7815C0E6327FE0D828ED0A /* MCContainerBridge */ = {
			isa = XCSwiftPackageProductDependency;
			productName = MCContainerBridge;
		};
		5444F6D9CA1B5F09D6B55BA8 /* MCModel */ = {
			isa = XCSwiftPackageProductDependency;
			productName = MCModel;
		};
		581B57738A515A8AE83C748C /* MCCompatibility */ = {
			isa = XCSwiftPackageProductDependency;
			productName = MCCompatibility;
		};
		6671217DADE10F50D2890E64 /* MCModel */ = {
			isa = XCSwiftPackageProductDependency;
			productName = MCModel;
		};
		6FE93D71D0A25B8BED99A730 /* MCSystemLifecycle */ = {
			isa = XCSwiftPackageProductDependency;
			productName = MCSystemLifecycle;
		};
		7C7F82EC3D85290CC284806E /* MCAppCore */ = {
			isa = XCSwiftPackageProductDependency;
			productName = MCAppCore;
		};
		9058F4D6041ABB44A392A0CE /* MCCompatibility */ = {
			isa = XCSwiftPackageProductDependency;
			productName = MCCompatibility;
		};
		AEE8D17F1726ADB6C7662123 /* MCContracts */ = {
			isa = XCSwiftPackageProductDependency;
			productName = MCContracts;
		};
		B0DB5C691040CB56B1D0CE5E /* MCModel */ = {
			isa = XCSwiftPackageProductDependency;
			productName = MCModel;
		};
		BE3935EAEBB5A7856DDD6144 /* MCTemplates */ = {
			isa = XCSwiftPackageProductDependency;
			productName = MCTemplates;
		};
		C98042CD90EC12CE96C0F5A9 /* MCSystemLifecycle */ = {
			isa = XCSwiftPackageProductDependency;
			productName = MCSystemLifecycle;
		};
		D053FED8FCF72BEAAF76792B /* MCCompatibility */ = {
			isa = XCSwiftPackageProductDependency;
			productName = MCCompatibility;
		};
		D771D3FE02EFAC1CCF8B877D /* MCSystemLifecycle */ = {
			isa = XCSwiftPackageProductDependency;
			productName = MCSystemLifecycle;
		};
		DA76A04587AF0A8A56F57852 /* Sparkle */ = {
			isa = XCSwiftPackageProductDependency;
			package = 2FF499DA4535EFDD629492D3 /* XCRemoteSwiftPackageReference "Sparkle" */;
			productName = Sparkle;
		};
		E227222F84337B51B4100A39 /* SwiftTerm */ = {
			isa = XCSwiftPackageProductDependency;
			package = 310BC3D875627F657803D88C /* XCRemoteSwiftPackageReference "SwiftTerm" */;
			productName = SwiftTerm;
		};
		F818854C8319BB06AB72AB6D /* MCAppCore */ = {
			isa = XCSwiftPackageProductDependency;
			productName = MCAppCore;
		};
/* End XCSwiftPackageProductDependency section */
	};
	rootObject = 5817788CF074C906EBE5B44B /* Project object */;
}
